
Microsoft Visual Studio Solution File, Format Version 12.00
# Visual Studio 15
VisualStudioVersion = 15.0.27004.2005
MinimumVisualStudioVersion = 10.0.40219.1
Project("{8BC9CEB8-8B4A-11D0-8D11-00A0C91BC942}") = "TestGit", "TestGit\TestGit.vcxproj", "{55947433-29BB-4E6D-ACA2-1D3D9D36DBD4}"
EndProject
Global
	GlobalSection(SolutionConfigurationPlatforms) = preSolution
		Debug|x64 = Debug|x64
		Debug|x86 = Debug|x86
		Release|x64 = Release|x64
		Release|x86 = Release|x86
	EndGlobalSection
	GlobalSection(ProjectConfigurationPlatforms) = postSolution
		{55947433-29BB-4E6D-ACA2-1D3D9D36DBD4}.Debug|x64.ActiveCfg = Debug|x64
		{55947433-29BB-4E6D-ACA2-1D3D9D36DBD4}.Debug|x64.Build.0 = Debug|x64
		{55947433-29BB-4E6D-ACA2-1D3D9D36DBD4}.Debug|x86.ActiveCfg = Debug|Win32
		{55947433-29BB-4E6D-ACA2-1D3D9D36DBD4}.Debug|x86.Build.0 = Debug|Win32
		{55947433-29BB-4E6D-ACA2-1D3D9D36DBD4}.Release|x64.ActiveCfg = Release|x64
		{55947433-29BB-4E6D-ACA2-1D3D9D36DBD4}.Release|x64.Build.0 = Release|x64
		{55947433-29BB-4E6D-ACA2-1D3D9D36DBD4}.Release|x86.ActiveCfg = Release|Win32
		{55947433-29BB-4E6D-ACA2-1D3D9D36DBD4}.Release|x86.Build.0 = Release|Win32
	EndGlobalSection
	GlobalSection(SolutionProperties) = preSolution
		HideSolutionNode = FALSE
	EndGlobalSection
	GlobalSection(ExtensibilityGlobals) = postSolution
		SolutionGuid = {7ABF970C-32B5-4618-B26D-42E538B12820}
	EndGlobalSection
EndGlobal
